{
    "version": 3,
    "terraform_version": "0.11.13",
    "serial": 2,
    "lineage": "9ffc6722-cbb9-21af-f82a-f358b98d3b7b",
    "modules": [
        {
            "path": [
                "root"
            ],
            "outputs": {},
            "resources": {
                "aws_key_pair.tf_auth": {
                    "type": "aws_key_pair",
                    "depends_on": [],
                    "primary": {
                        "id": "tfkey",
                        "attributes": {
                            "fingerprint": "db:02:02:35:c3:ea:30:a9:66:ed:83:45:ae:8a:5b:37",
                            "id": "tfkey",
                            "key_name": "tfkey",
                            "key_pair_id": "key-017c8e7b295fbff44",
                            "public_key": "ssh-rsa AAAAB3NzaC1yc2EAAAADAQABAAABAQDdhkPHkze7znkxOQb1amW/LuPZDFg6jzY1lbxSxE/swaFedo/bzFCAPkNVuYwXTZbFIFif2icTHwX+1t/wdMTnfjRabVeJsQYtZJg/cAAq7j9CODSzFmV7QHG0AAG7blD9JYC7Y9iHQtFWE/Z27qkJjwUUHtlUGtXHTX2HAnR97DYzY0hyz581dOVwVO8PiQjbQSIvVyQ5zkZr+XcAhJdhqsKyrwFJVBZWPWgy09KyitCsTcTL7TILhQL7FombXfhYF/Ah59vREH+SB2bkP1zkuedHO7AX/bRX+8I56CP4NE0GbwKTGv08fKxSjufBp9J3Lgo09pMZjJaFPfB+MECZ cloud_user@josh061c.mylabserver.com",
                            "tags.%": "0"
                        },
                        "meta": {
                            "schema_version": "1"
                        },
                        "tainted": false
                    },
                    "deposed": [],
                    "provider": "provider.aws"
                },
                "data.aws_ami.server_ami": {
                    "type": "aws_ami",
                    "depends_on": [],
                    "primary": {
                        "id": "ami-0e2ff28bfb72a4e45",
                        "attributes": {
                            "architecture": "x86_64",
                            "block_device_mappings.#": "1",
                            "block_device_mappings.340275815.device_name": "/dev/xvda",
                            "block_device_mappings.340275815.ebs.%": "6",
                            "block_device_mappings.340275815.ebs.delete_on_termination": "true",
                            "block_device_mappings.340275815.ebs.encrypted": "false",
                            "block_device_mappings.340275815.ebs.iops": "0",
                            "block_device_mappings.340275815.ebs.snapshot_id": "snap-0002e9311bd3cfc4e",
                            "block_device_mappings.340275815.ebs.volume_size": "8",
                            "block_device_mappings.340275815.ebs.volume_type": "gp2",
                            "block_device_mappings.340275815.no_device": "",
                            "block_device_mappings.340275815.virtual_name": "",
                            "creation_date": "2020-02-08T01:22:05.000Z",
                            "description": "Amazon Linux AMI 2018.03.0.20200206.0 x86_64 HVM gp2",
                            "filter.#": "1",
                            "filter.2898439165.name": "name",
                            "filter.2898439165.values.#": "1",
                            "filter.2898439165.values.0": "amzn-ami-hvm*-x86_64-gp2",
                            "hypervisor": "xen",
                            "id": "ami-0e2ff28bfb72a4e45",
                            "image_id": "ami-0e2ff28bfb72a4e45",
                            "image_location": "amazon/amzn-ami-hvm-2018.03.0.20200206.0-x86_64-gp2",
                            "image_owner_alias": "amazon",
                            "image_type": "machine",
                            "most_recent": "true",
                            "name": "amzn-ami-hvm-2018.03.0.20200206.0-x86_64-gp2",
                            "owner_id": "137112412989",
                            "owners.#": "1",
                            "owners.0": "amazon",
                            "product_codes.#": "0",
                            "public": "true",
                            "root_device_name": "/dev/xvda",
                            "root_device_type": "ebs",
                            "root_snapshot_id": "snap-0002e9311bd3cfc4e",
                            "sriov_net_support": "simple",
                            "state": "available",
                            "state_reason.%": "2",
                            "state_reason.code": "UNSET",
                            "state_reason.message": "UNSET",
                            "tags.%": "0",
                            "virtualization_type": "hvm"
                        },
                        "meta": {},
                        "tainted": false
                    },
                    "deposed": [],
                    "provider": "provider.aws"
                }
            },
            "depends_on": []
        }
    ]
}
